
Microsoft Visual Studio Solution File, Format Version 12.00
# Visual Studio 15
VisualStudioVersion = 15.0.26730.15
MinimumVisualStudioVersion = 10.0.40219.1
Project("{8BC9CEB8-8B4A-11D0-8D11-00A0C91BC942}") = "Lab8.3.1", "Lab8.3.1\Lab8.3.1.vcxproj", "{783F1B58-B65B-45CB-B586-97B55A1B1FA9}"
EndProject
Global
	GlobalSection(SolutionConfigurationPlatforms) = preSolution
		Debug|x64 = Debug|x64
		Debug|x86 = Debug|x86
		Release|x64 = Release|x64
		Release|x86 = Release|x86
	EndGlobalSection
	GlobalSection(ProjectConfigurationPlatforms) = postSolution
		{783F1B58-B65B-45CB-B586-97B55A1B1FA9}.Debug|x64.ActiveCfg = Debug|x64
		{783F1B58-B65B-45CB-B586-97B55A1B1FA9}.Debug|x64.Build.0 = Debug|x64
		{783F1B58-B65B-45CB-B586-97B55A1B1FA9}.Debug|x86.ActiveCfg = Debug|Win32
		{783F1B58-B65B-45CB-B586-97B55A1B1FA9}.Debug|x86.Build.0 = Debug|Win32
		{783F1B58-B65B-45CB-B586-97B55A1B1FA9}.Release|x64.ActiveCfg = Release|x64
		{783F1B58-B65B-45CB-B586-97B55A1B1FA9}.Release|x64.Build.0 = Release|x64
		{783F1B58-B65B-45CB-B586-97B55A1B1FA9}.Release|x86.ActiveCfg = Release|Win32
		{783F1B58-B65B-45CB-B586-97B55A1B1FA9}.Release|x86.Build.0 = Release|Win32
	EndGlobalSection
	GlobalSection(SolutionProperties) = preSolution
		HideSolutionNode = FALSE
	EndGlobalSection
	GlobalSection(ExtensibilityGlobals) = postSolution
		SolutionGuid = {A9526446-C83B-4F6E-AF3F-5A608B11078D}
	EndGlobalSection
EndGlobal
