
Microsoft Visual Studio Solution File, Format Version 12.00
# Visual Studio 15
VisualStudioVersion = 15.0.26730.16
MinimumVisualStudioVersion = 10.0.40219.1
Project("{8BC9CEB8-8B4A-11D0-8D11-00A0C91BC942}") = "7591", "7591\7591.vcxproj", "{62152564-8F60-423E-A593-5471512F295C}"
EndProject
Global
	GlobalSection(SolutionConfigurationPlatforms) = preSolution
		Debug|x64 = Debug|x64
		Debug|x86 = Debug|x86
		Release|x64 = Release|x64
		Release|x86 = Release|x86
	EndGlobalSection
	GlobalSection(ProjectConfigurationPlatforms) = postSolution
		{62152564-8F60-423E-A593-5471512F295C}.Debug|x64.ActiveCfg = Debug|x64
		{62152564-8F60-423E-A593-5471512F295C}.Debug|x64.Build.0 = Debug|x64
		{62152564-8F60-423E-A593-5471512F295C}.Debug|x86.ActiveCfg = Debug|Win32
		{62152564-8F60-423E-A593-5471512F295C}.Debug|x86.Build.0 = Debug|Win32
		{62152564-8F60-423E-A593-5471512F295C}.Release|x64.ActiveCfg = Release|x64
		{62152564-8F60-423E-A593-5471512F295C}.Release|x64.Build.0 = Release|x64
		{62152564-8F60-423E-A593-5471512F295C}.Release|x86.ActiveCfg = Release|Win32
		{62152564-8F60-423E-A593-5471512F295C}.Release|x86.Build.0 = Release|Win32
	EndGlobalSection
	GlobalSection(SolutionProperties) = preSolution
		HideSolutionNode = FALSE
	EndGlobalSection
	GlobalSection(ExtensibilityGlobals) = postSolution
		SolutionGuid = {A4EA7ABF-9541-453F-BE1C-1D8F08D32210}
	EndGlobalSection
EndGlobal
