
Microsoft Visual Studio Solution File, Format Version 12.00
# Visual Studio 15
VisualStudioVersion = 15.0.27004.2002
MinimumVisualStudioVersion = 10.0.40219.1
Project("{8BC9CEB8-8B4A-11D0-8D11-00A0C91BC942}") = "Lab 5.3.10 (10)", "Lab 5.3.10 (10)\Lab 5.3.10 (10).vcxproj", "{C203CD96-3EB8-4FCA-812E-6FD2F89C62AC}"
EndProject
Global
	GlobalSection(SolutionConfigurationPlatforms) = preSolution
		Debug|x64 = Debug|x64
		Debug|x86 = Debug|x86
		Release|x64 = Release|x64
		Release|x86 = Release|x86
	EndGlobalSection
	GlobalSection(ProjectConfigurationPlatforms) = postSolution
		{C203CD96-3EB8-4FCA-812E-6FD2F89C62AC}.Debug|x64.ActiveCfg = Debug|x64
		{C203CD96-3EB8-4FCA-812E-6FD2F89C62AC}.Debug|x64.Build.0 = Debug|x64
		{C203CD96-3EB8-4FCA-812E-6FD2F89C62AC}.Debug|x86.ActiveCfg = Debug|Win32
		{C203CD96-3EB8-4FCA-812E-6FD2F89C62AC}.Debug|x86.Build.0 = Debug|Win32
		{C203CD96-3EB8-4FCA-812E-6FD2F89C62AC}.Release|x64.ActiveCfg = Release|x64
		{C203CD96-3EB8-4FCA-812E-6FD2F89C62AC}.Release|x64.Build.0 = Release|x64
		{C203CD96-3EB8-4FCA-812E-6FD2F89C62AC}.Release|x86.ActiveCfg = Release|Win32
		{C203CD96-3EB8-4FCA-812E-6FD2F89C62AC}.Release|x86.Build.0 = Release|Win32
	EndGlobalSection
	GlobalSection(SolutionProperties) = preSolution
		HideSolutionNode = FALSE
	EndGlobalSection
	GlobalSection(ExtensibilityGlobals) = postSolution
		SolutionGuid = {DE4C3530-6538-4AAB-BE60-DD1D4545FD6C}
	EndGlobalSection
EndGlobal
